hash: dacb9789d7dc1a22f8492c111cf238cfd762cca39cf3751472cc590a9493660f
updated: 2018-05-27T11:23:46.452541306+08:00
imports:
- name: github.com/stretchr/testify
  version: 12b6f73e6084dad08a7c6e575284b177ecafbc71
  subpackages:
  - assert
- name: gopkg.in/yaml.v2
  version: 5420a8b6744d3b0345ab293f6fcba19c978f1183
testImports: []
